
Microsoft Visual Studio Solution File, Format Version 12.00
# Visual Studio 14
VisualStudioVersion = 14.0.25420.1
MinimumVisualStudioVersion = 10.0.40219.1
Project("{FAE04EC0-301F-11D3-BF4B-00C04F79EFBC}") = "messengerKiller", "messengerKiller\messengerKiller.csproj", "{A4739A89-64DA-443D-81EC-6E225C125319}"
EndProject
Project("{FAE04EC0-301F-11D3-BF4B-00C04F79EFBC}") = "TempServer", "TempServer\TempServer.csproj", "{B8B669CA-A966-456A-B9EA-07478049C5F1}"
EndProject
Global
	GlobalSection(SolutionConfigurationPlatforms) = preSolution
		Debug|Any CPU = Debug|Any CPU
		Release|Any CPU = Release|Any CPU
	EndGlobalSection
	GlobalSection(ProjectConfigurationPlatforms) = postSolution
		{A4739A89-64DA-443D-81EC-6E225C125319}.Debug|Any CPU.ActiveCfg = Debug|Any CPU
		{A4739A89-64DA-443D-81EC-6E225C125319}.Debug|Any CPU.Build.0 = Debug|Any CPU
		{A4739A89-64DA-443D-81EC-6E225C125319}.Release|Any CPU.ActiveCfg = Release|Any CPU
		{A4739A89-64DA-443D-81EC-6E225C125319}.Release|Any CPU.Build.0 = Release|Any CPU
		{B8B669CA-A966-456A-B9EA-07478049C5F1}.Debug|Any CPU.ActiveCfg = Debug|Any CPU
		{B8B669CA-A966-456A-B9EA-07478049C5F1}.Debug|Any CPU.Build.0 = Debug|Any CPU
		{B8B669CA-A966-456A-B9EA-07478049C5F1}.Release|Any CPU.ActiveCfg = Release|Any CPU
		{B8B669CA-A966-456A-B9EA-07478049C5F1}.Release|Any CPU.Build.0 = Release|Any CPU
	EndGlobalSection
	GlobalSection(SolutionProperties) = preSolution
		HideSolutionNode = FALSE
	EndGlobalSection
EndGlobal
